
Microsoft Visual Studio Solution File, Format Version 12.00
# Visual Studio Version 17
VisualStudioVersion = 17.9.34607.119
MinimumVisualStudioVersion = 10.0.40219.1
Project("{FAE04EC0-301F-11D3-BF4B-00C04F79EFBC}") = "Tema 2", "Tema 2\Tema 2.csproj", "{550EB30E-C4CF-44D6-9E00-3DFBDAE6341A}"
EndProject
Global
	GlobalSection(SolutionConfigurationPlatforms) = preSolution
		Debug|Any CPU = Debug|Any CPU
		Release|Any CPU = Release|Any CPU
	EndGlobalSection
	GlobalSection(ProjectConfigurationPlatforms) = postSolution
		{550EB30E-C4CF-44D6-9E00-3DFBDAE6341A}.Debug|Any CPU.ActiveCfg = Debug|Any CPU
		{550EB30E-C4CF-44D6-9E00-3DFBDAE6341A}.Debug|Any CPU.Build.0 = Debug|Any CPU
		{550EB30E-C4CF-44D6-9E00-3DFBDAE6341A}.Release|Any CPU.ActiveCfg = Release|Any CPU
		{550EB30E-C4CF-44D6-9E00-3DFBDAE6341A}.Release|Any CPU.Build.0 = Release|Any CPU
	EndGlobalSection
	GlobalSection(SolutionProperties) = preSolution
		HideSolutionNode = FALSE
	EndGlobalSection
	GlobalSection(ExtensibilityGlobals) = postSolution
		SolutionGuid = {750CC466-A49D-45C1-8FDF-CC2D31B05BC5}
	EndGlobalSection
EndGlobal
